
Microsoft Visual Studio Solution File, Format Version 12.00
# Visual Studio Version 16
VisualStudioVersion = 16.0.29424.173
MinimumVisualStudioVersion = 10.0.40219.1
Project("{FAE04EC0-301F-11D3-BF4B-00C04F79EFBC}") = "BookShelf", "BookShelf\BookShelf.csproj", "{38E80941-7A3A-428F-B77D-41388A6F3655}"
EndProject
Global
	GlobalSection(SolutionConfigurationPlatforms) = preSolution
		Debug|Any CPU = Debug|Any CPU
		Release|Any CPU = Release|Any CPU
	EndGlobalSection
	GlobalSection(ProjectConfigurationPlatforms) = postSolution
		{38E80941-7A3A-428F-B77D-41388A6F3655}.Debug|Any CPU.ActiveCfg = Debug|Any CPU
		{38E80941-7A3A-428F-B77D-41388A6F3655}.Debug|Any CPU.Build.0 = Debug|Any CPU
		{38E80941-7A3A-428F-B77D-41388A6F3655}.Release|Any CPU.ActiveCfg = Release|Any CPU
		{38E80941-7A3A-428F-B77D-41388A6F3655}.Release|Any CPU.Build.0 = Release|Any CPU
	EndGlobalSection
	GlobalSection(SolutionProperties) = preSolution
		HideSolutionNode = FALSE
	EndGlobalSection
	GlobalSection(ExtensibilityGlobals) = postSolution
		SolutionGuid = {4FA29B83-12F5-4F89-ADEF-1D2E4FC6A46C}
	EndGlobalSection
EndGlobal
